# This file was autogenerated by Stack.
# You should not edit this file by hand.
# For more information, please see the documentation at:
#   https://docs.haskellstack.org/en/stable/lock_files

packages:
- completed:
    hackage: lazysmallcheck-0.6@sha256:dac7a1e4877681f1260309e863e896674dd6efc1159897b7945893e693f2a6bc,1696
    pantry-tree:
      size: 2008
      sha256: aea6b83dd91703fd130d98ecfed88b8f16841b22990c837c8fde89f9f6cca809
  original:
    hackage: lazysmallcheck-0.6
- completed:
    hackage: Stream-0.4.7.2@sha256:ed78165aa34c4e23dc53c9072f8715d414a585037f2145ea0eb2b38300354c53,1009
    pantry-tree:
      size: 207
      sha256: 009fe33c4779bd1705a26f9b036f0996e9fc85df06418aec3dda967554e6ef83
  original:
    hackage: Stream-0.4.7.2
- completed:
    hackage: arrows-0.4.4.2@sha256:a260222b766da922657e302aa7c0409451913e1e503798a47a213a61ba382460,1235
    pantry-tree:
      size: 1035
      sha256: 153eac3a26d5922d3be968368125e5a31cc4347049732ef3a75920c4b9fda417
  original:
    hackage: arrows-0.4.4.2
- completed:
    hackage: clash-prelude-1.4.3@sha256:77605835edb8f29430b2065073545d8e88750c922ae15cf0d16dfd660f4a62a4,15932
    pantry-tree:
      size: 11699
      sha256: 6bac61e0d6556d96306910d5b82f50d2250a4106829e13ce3c6246b595e90134
  original:
    hackage: clash-prelude-1.4.3
- completed:
    hackage: clash-lib-1.4.3@sha256:b40f0a66594b84d15137bdd8455d40186ff72c22bc3c675286a4691eef2412e7,12829
    pantry-tree:
      size: 19521
      sha256: ce8a4f3953badc8df0ff38834336e456c87a07fa1e81a1023f114774f1a04d2f
  original:
    hackage: clash-lib-1.4.3
- completed:
    hackage: clash-ghc-1.4.3@sha256:ba2c077f91fed12172db2b240b08a5d6d99e93a0301538ebd7c8d1925fc41461,9011
    pantry-tree:
      size: 4073
      sha256: 2cede368b7ee60d141d28049b6125c6cf06cc322296c87af26e0284836e63525
  original:
    hackage: clash-ghc-1.4.3
- completed:
    hackage: free-functors-1.2.1@sha256:d6d0c8dca09633f0eedf82dae95a5be6abf09e9e2356a3d0373fd59482a8c04a,2162
    pantry-tree:
      size: 1115
      sha256: 94657a4f058e84057bc8aaede8cd02f59a190e392adb1c2bb0b161542969bc97
  original:
    hackage: free-functors-1.2.1
- completed:
    hackage: derive-lifted-instances-0.2.2@sha256:496cb3b55b6030614b728e26790f36f6b76398a9514cf488ce6da3871accc1bd,1178
    pantry-tree:
      size: 429
      sha256: 99c5932b980371ed996cced7196ac71d7f4c5091accb910fcbc9169b6fa3e7a4
  original:
    hackage: derive-lifted-instances-0.2.2
- completed:
    name: liquidhaskell
    version: 0.8.10.2.1
    git: https://github.com/ucsd-progsys/liquidhaskell
    pantry-tree:
      size: 293134
      sha256: 8adc25c36a68a3ac4346f07d39b1db3737765c80ce5ebab5b991393108f4235a
    commit: 92f5c6154e31ce883dd50cb8db0ef665eb17e052
  original:
    git: https://github.com/ucsd-progsys/liquidhaskell
    commit: 92f5c6154e31ce883dd50cb8db0ef665eb17e052
- completed:
    name: liquid-fixpoint
    version: 0.8.10.2.1
    git: https://github.com/ucsd-progsys/liquid-fixpoint
    pantry-tree:
      size: 20518
      sha256: d33918825151921469f4f38b4236eb37b6defead91ca267b4eb45728f688f0db
    commit: a66770f9c9f2530ffc052ca63e1f50be39280b16
  original:
    git: https://github.com/ucsd-progsys/liquid-fixpoint
    commit: a66770f9c9f2530ffc052ca63e1f50be39280b16
- completed:
    hackage: liquid-base-4.15.0.0@sha256:a28cc9217966f18ef02f9b7e7c060f7682187e2c37ca20ce80088cc28860eb35,9129
    pantry-tree:
      size: 14987
      sha256: 02b9ddefb47927f2cefdba09f1ac7164a5aafd7f31bfb4a577fca8905c012325
  original:
    hackage: liquid-base-4.15.0.0
- completed:
    hackage: liquid-ghc-prim-0.7.0@sha256:8d99d771235d388ed54393faa2712c880e60b659fa574877fc5f383d4d49f4ed,1763
    pantry-tree:
      size: 912
      sha256: 2e85095d397912b2d5b65054cd613e93dd7aa31ed4a4ff4fd265be207ece35e0
  original:
    hackage: liquid-ghc-prim-0.7.0
- completed:
    hackage: store-0.7.12@sha256:362327372c816f00cff4800d699d7f7ba015fa21fa7b3ad493094ce01b99b2bb,8071
    pantry-tree:
      size: 1292
      sha256: 580ced2e7269701270a4f94de55c39e2d0589393f999ccba99ecc3cf17d93cae
  original:
    hackage: store-0.7.12
snapshots:
- completed:
    size: 580406
    url: https://raw.githubusercontent.com/commercialhaskell/stackage-snapshots/master/nightly/2021/9/7.yaml
    sha256: a8a5302072ba51577c5c33aa59dc70c64520c5968b093dce30feaa7a39db6b58
  original: nightly-2021-09-07
